
Microsoft Visual Studio Solution File, Format Version 12.00
# Visual Studio Version 16
VisualStudioVersion = 16.0.30503.244
MinimumVisualStudioVersion = 10.0.40219.1
Project("{9A19103F-16F7-4668-BE54-9A1E7A4F7556}") = "ClassroomProject", "ClassroomProject.csproj", "{3CB50B2E-0DB5-401B-8C46-5A8A5FB3CE30}"
EndProject
Global
	GlobalSection(SolutionConfigurationPlatforms) = preSolution
		Debug|Any CPU = Debug|Any CPU
		Release|Any CPU = Release|Any CPU
	EndGlobalSection
	GlobalSection(ProjectConfigurationPlatforms) = postSolution
		{3CB50B2E-0DB5-401B-8C46-5A8A5FB3CE30}.Debug|Any CPU.ActiveCfg = Debug|Any CPU
		{3CB50B2E-0DB5-401B-8C46-5A8A5FB3CE30}.Debug|Any CPU.Build.0 = Debug|Any CPU
		{3CB50B2E-0DB5-401B-8C46-5A8A5FB3CE30}.Release|Any CPU.ActiveCfg = Release|Any CPU
		{3CB50B2E-0DB5-401B-8C46-5A8A5FB3CE30}.Release|Any CPU.Build.0 = Release|Any CPU
	EndGlobalSection
	GlobalSection(SolutionProperties) = preSolution
		HideSolutionNode = FALSE
	EndGlobalSection
	GlobalSection(ExtensibilityGlobals) = postSolution
		SolutionGuid = {14A48F3C-06E9-413A-9223-9E1EA9C11E5A}
	EndGlobalSection
EndGlobal
